
Microsoft Visual Studio Solution File, Format Version 12.00
# Visual Studio Version 17
VisualStudioVersion = 17.7.34202.233
MinimumVisualStudioVersion = 10.0.40219.1
Project("{FAE04EC0-301F-11D3-BF4B-00C04F79EFBC}") = "Conversion", "Conversion.csproj", "{F294D5F0-E35D-4E4E-BD7B-171AD695605D}"
EndProject
Global
	GlobalSection(SolutionConfigurationPlatforms) = preSolution
		Debug|Any CPU = Debug|Any CPU
		Release|Any CPU = Release|Any CPU
	EndGlobalSection
	GlobalSection(ProjectConfigurationPlatforms) = postSolution
		{F294D5F0-E35D-4E4E-BD7B-171AD695605D}.Debug|Any CPU.ActiveCfg = Debug|Any CPU
		{F294D5F0-E35D-4E4E-BD7B-171AD695605D}.Debug|Any CPU.Build.0 = Debug|Any CPU
		{F294D5F0-E35D-4E4E-BD7B-171AD695605D}.Release|Any CPU.ActiveCfg = Release|Any CPU
		{F294D5F0-E35D-4E4E-BD7B-171AD695605D}.Release|Any CPU.Build.0 = Release|Any CPU
	EndGlobalSection
	GlobalSection(SolutionProperties) = preSolution
		HideSolutionNode = FALSE
	EndGlobalSection
	GlobalSection(ExtensibilityGlobals) = postSolution
		SolutionGuid = {11DDBA2F-CAE7-40DC-A33E-F062944D918A}
	EndGlobalSection
EndGlobal
